
Microsoft Visual Studio Solution File, Format Version 12.00
# Visual Studio Version 17
VisualStudioVersion = 17.4.33403.182
MinimumVisualStudioVersion = 10.0.40219.1
Project("{9A19103F-16F7-4668-BE54-9A1E7A4F7556}") = "DataStructure", "src\DataStructure\DataStructure.csproj", "{9820CD50-7D27-4EB2-9C4E-8ACB5457503E}"
EndProject
Project("{FAE04EC0-301F-11D3-BF4B-00C04F79EFBC}") = "DataStructure.Tests", "tests\DataStructure.Tests\DataStructure.Tests.csproj", "{C9F8F099-8E63-4F39-B1CD-5EA98A29E20C}"
EndProject
Global
	GlobalSection(SolutionConfigurationPlatforms) = preSolution
		Debug|Any CPU = Debug|Any CPU
		Release|Any CPU = Release|Any CPU
	EndGlobalSection
	GlobalSection(ProjectConfigurationPlatforms) = postSolution
		{9820CD50-7D27-4EB2-9C4E-8ACB5457503E}.Debug|Any CPU.ActiveCfg = Debug|Any CPU
		{9820CD50-7D27-4EB2-9C4E-8ACB5457503E}.Debug|Any CPU.Build.0 = Debug|Any CPU
		{9820CD50-7D27-4EB2-9C4E-8ACB5457503E}.Release|Any CPU.ActiveCfg = Release|Any CPU
		{9820CD50-7D27-4EB2-9C4E-8ACB5457503E}.Release|Any CPU.Build.0 = Release|Any CPU
		{C9F8F099-8E63-4F39-B1CD-5EA98A29E20C}.Debug|Any CPU.ActiveCfg = Debug|Any CPU
		{C9F8F099-8E63-4F39-B1CD-5EA98A29E20C}.Debug|Any CPU.Build.0 = Debug|Any CPU
		{C9F8F099-8E63-4F39-B1CD-5EA98A29E20C}.Release|Any CPU.ActiveCfg = Release|Any CPU
		{C9F8F099-8E63-4F39-B1CD-5EA98A29E20C}.Release|Any CPU.Build.0 = Release|Any CPU
	EndGlobalSection
	GlobalSection(SolutionProperties) = preSolution
		HideSolutionNode = FALSE
	EndGlobalSection
	GlobalSection(ExtensibilityGlobals) = postSolution
		SolutionGuid = {6A979C3A-799B-464E-A8A3-E158493B044E}
	EndGlobalSection
EndGlobal
